// !$*UTF8*$!
{
	archiveVersion = 1;
	classes = {
	};
	objectVersion = 50;
	objects = {

/* Begin PBXBuildFile section */
		59E42F6A664DFFD553E2ED3C /* Pods_AlertSimpleUITests.framework in Frameworks */ = {isa = PBXBuildFile; fileRef = 61C97030FCD99EC866DEC43A /* Pods_AlertSimpleUITests.framework */; };
		5F667D076612D40C0746B8FB /* Pods_AlertSimpleTests.framework in Frameworks */ = {isa = PBXBuildFile; fileRef = D561406D6C5F6BA40CB8C96A /* Pods_AlertSimpleTests.framework */; };
		8492A3552238E8B600F0FB35 /* AppDelegate.swift in Sources */ = {isa = PBXBuildFile; fileRef = 8492A3542238E8B600F0FB35 /* AppDelegate.swift */; };
		8492A3572238E8B600F0FB35 /* ViewController.swift in Sources */ = {isa = PBXBuildFile; fileRef = 8492A3562238E8B600F0FB35 /* ViewController.swift */; };
		8492A35A2238E8B600F0FB35 /* Main.storyboard in Resources */ = {isa = PBXBuildFile; fileRef = 8492A3582238E8B600F0FB35 /* Main.storyboard */; };
		8492A35C2238E8B800F0FB35 /* Assets.xcassets in Resources */ = {isa = PBXBuildFile; fileRef = 8492A35B2238E8B800F0FB35 /* Assets.xcassets */; };
		8492A35F2238E8B800F0FB35 /* LaunchScreen.storyboard in Resources */ = {isa = PBXBuildFile; fileRef = 8492A35D2238E8B800F0FB35 /* LaunchScreen.storyboard */; };
		8492A36A2238E8B800F0FB35 /* AlertSimpleTests.swift in Sources */ = {isa = PBXBuildFile; fileRef = 8492A3692238E8B800F0FB35 /* AlertSimpleTests.swift */; };
		8492A3752238E8B800F0FB35 /* AlertSimpleUITests.swift in Sources */ = {isa = PBXBuildFile; fileRef = 8492A3742238E8B800F0FB35 /* AlertSimpleUITests.swift */; };
		99DA4969E3781F8DF66D4A09 /* Pods_AlertSimple.framework in Frameworks */ = {isa = PBXBuildFile; fileRef = DC416FD84E62123504714B96 /* Pods_AlertSimple.framework */; };
/* End PBXBuildFile section */

/* Begin PBXContainerItemProxy section */
		8492A3662238E8B800F0FB35 /* PBXContainerItemProxy */ = {
			isa = PBXContainerItemProxy;
			containerPortal = 8492A3492238E8B600F0FB35 /* Project object */;
			proxyType = 1;
			remoteGlobalIDString = 8492A3502238E8B600F0FB35;
			remoteInfo = AlertSimple;
		};
		8492A3712238E8B800F0FB35 /* PBXContainerItemProxy */ = {
			isa = PBXContainerItemProxy;
			containerPortal = 8492A3492238E8B600F0FB35 /* Project object */;
			proxyType = 1;
			remoteGlobalIDString = 8492A3502238E8B600F0FB35;
			remoteInfo = AlertSimple;
		};
/* End PBXContainerItemProxy section */

/* Begin PBXFileReference section */
		16FAEB0DBA8806B8DFC0EFDC /* Pods-AlertSimple.debug.xcconfig */ = {isa = PBXFileReference; includeInIndex = 1; lastKnownFileType = text.xcconfig; name = "Pods-AlertSimple.debug.xcconfig"; path = "Target Support Files/Pods-AlertSimple/Pods-AlertSimple.debug.xcconfig"; sourceTree = "<group>"; };
		2BE21C4EF762B63358A14887 /* Pods-AlertSimpleTests.release.xcconfig */ = {isa = PBXFileReference; includeInIndex = 1; lastKnownFileType = text.xcconfig; name = "Pods-AlertSimpleTests.release.xcconfig"; path = "Target Support Files/Pods-AlertSimpleTests/Pods-AlertSimpleTests.release.xcconfig"; sourceTree = "<group>"; };
		61C97030FCD99EC866DEC43A /* Pods_AlertSimpleUITests.framework */ = {isa = PBXFileReference; explicitFileType = wrapper.framework; includeInIndex = 0; path = Pods_AlertSimpleUITests.framework; sourceTree = BUILT_PRODUCTS_DIR; };
		8492A3512238E8B600F0FB35 /* AlertSimple.app */ = {isa = PBXFileReference; explicitFileType = wrapper.application; includeInIndex = 0; path = AlertSimple.app; sourceTree = BUILT_PRODUCTS_DIR; };
		8492A3542238E8B600F0FB35 /* AppDelegate.swift */ = {isa = PBXFileReference; lastKnownFileType = sourcecode.swift; path = AppDelegate.swift; sourceTree = "<group>"; };
		8492A3562238E8B600F0FB35 /* ViewController.swift */ = {isa = PBXFileReference; lastKnownFileType = sourcecode.swift; path = ViewController.swift; sourceTree = "<group>"; };
		8492A3592238E8B600F0FB35 /* Base */ = {isa = PBXFileReference; lastKnownFileType = file.storyboard; name = Base; path = Base.lproj/Main.storyboard; sourceTree = "<group>"; };
		8492A35B2238E8B800F0FB35 /* Assets.xcassets */ = {isa = PBXFileReference; lastKnownFileType = folder.assetcatalog; path = Assets.xcassets; sourceTree = "<group>"; };
		8492A35E2238E8B800F0FB35 /* Base */ = {isa = PBXFileReference; lastKnownFileType = file.storyboard; name = Base; path = Base.lproj/LaunchScreen.storyboard; sourceTree = "<group>"; };
		8492A3602238E8B800F0FB35 /* Info.plist */ = {isa = PBXFileReference; lastKnownFileType = text.plist.xml; path = Info.plist; sourceTree = "<group>"; };
		8492A3652238E8B800F0FB35 /* AlertSimpleTests.xctest */ = {isa = PBXFileReference; explicitFileType = wrapper.cfbundle; includeInIndex = 0; path = AlertSimpleTests.xctest; sourceTree = BUILT_PRODUCTS_DIR; };
		8492A3692238E8B800F0FB35 /* AlertSimpleTests.swift */ = {isa = PBXFileReference; lastKnownFileType = sourcecode.swift; path = AlertSimpleTests.swift; sourceTree = "<group>"; };
		8492A36B2238E8B800F0FB35 /* Info.plist */ = {isa = PBXFileReference; lastKnownFileType = text.plist.xml; path = Info.plist; sourceTree = "<group>"; };
		8492A3702238E8B800F0FB35 /* AlertSimpleUITests.xctest */ = {isa = PBXFileReference; explicitFileType = wrapper.cfbundle; includeInIndex = 0; path = AlertSimpleUITests.xctest; sourceTree = BUILT_PRODUCTS_DIR; };
		8492A3742238E8B800F0FB35 /* AlertSimpleUITests.swift */ = {isa = PBXFileReference; lastKnownFileType = sourcecode.swift; path = AlertSimpleUITests.swift; sourceTree = "<group>"; };
		8492A3762238E8B800F0FB35 /* Info.plist */ = {isa = PBXFileReference; lastKnownFileType = text.plist.xml; path = Info.plist; sourceTree = "<group>"; };
		8CD484348086A3FF54E83D71 /* Pods-AlertSimple.release.xcconfig */ = {isa = PBXFileReference; includeInIndex = 1; lastKnownFileType = text.xcconfig; name = "Pods-AlertSimple.release.xcconfig"; path = "Target Support Files/Pods-AlertSimple/Pods-AlertSimple.release.xcconfig"; sourceTree = "<group>"; };
		990F90E853447F0431D40F9E /* Pods-AlertSimpleUITests.debug.xcconfig */ = {isa = PBXFileReference; includeInIndex = 1; lastKnownFileType = text.xcconfig; name = "Pods-AlertSimpleUITests.debug.xcconfig"; path = "Target Support Files/Pods-AlertSimpleUITests/Pods-AlertSimpleUITests.debug.xcconfig"; sourceTree = "<group>"; };
		9C735BD357E92B1D87BD8BD7 /* Pods-AlertSimpleUITests.release.xcconfig */ = {isa = PBXFileReference; includeInIndex = 1; lastKnownFileType = text.xcconfig; name = "Pods-AlertSimpleUITests.release.xcconfig"; path = "Target Support Files/Pods-AlertSimpleUITests/Pods-AlertSimpleUITests.release.xcconfig"; sourceTree = "<group>"; };
		D561406D6C5F6BA40CB8C96A /* Pods_AlertSimpleTests.framework */ = {isa = PBXFileReference; explicitFileType = wrapper.framework; includeInIndex = 0; path = Pods_AlertSimpleTests.framework; sourceTree = BUILT_PRODUCTS_DIR; };
		DC416FD84E62123504714B96 /* Pods_AlertSimple.framework */ = {isa = PBXFileReference; explicitFileType = wrapper.framework; includeInIndex = 0; path = Pods_AlertSimple.framework; sourceTree = BUILT_PRODUCTS_DIR; };
		F868ABACEDDA0C6E068584C9 /* Pods-AlertSimpleTests.debug.xcconfig */ = {isa = PBXFileReference; includeInIndex = 1; lastKnownFileType = text.xcconfig; name = "Pods-AlertSimpleTests.debug.xcconfig"; path = "Target Support Files/Pods-AlertSimpleTests/Pods-AlertSimpleTests.debug.xcconfig"; sourceTree = "<group>"; };
/* End PBXFileReference section */

/* Begin PBXFrameworksBuildPhase section */
		8492A34E2238E8B600F0FB35 /* Frameworks */ = {
			isa = PBXFrameworksBuildPhase;
			buildActionMask = 2147483647;
			files = (
				99DA4969E3781F8DF66D4A09 /* Pods_AlertSimple.framework in Frameworks */,
			);
			runOnlyForDeploymentPostprocessing = 0;
		};
		8492A3622238E8B800F0FB35 /* Frameworks */ = {
			isa = PBXFrameworksBuildPhase;
			buildActionMask = 2147483647;
			files = (
				5F667D076612D40C0746B8FB /* Pods_AlertSimpleTests.framework in Frameworks */,
			);
			runOnlyForDeploymentPostprocessing = 0;
		};
		8492A36D2238E8B800F0FB35 /* Frameworks */ = {
			isa = PBXFrameworksBuildPhase;
			buildActionMask = 2147483647;
			files = (
				59E42F6A664DFFD553E2ED3C /* Pods_AlertSimpleUITests.framework in Frameworks */,
			);
			runOnlyForDeploymentPostprocessing = 0;
		};
/* End PBXFrameworksBuildPhase section */

/* Begin PBXGroup section */
		8492A3482238E8B600F0FB35 = {
			isa = PBXGroup;
			children = (
				8492A3532238E8B600F0FB35 /* AlertSimple */,
				8492A3682238E8B800F0FB35 /* AlertSimpleTests */,
				8492A3732238E8B800F0FB35 /* AlertSimpleUITests */,
				8492A3522238E8B600F0FB35 /* Products */,
				99BC5E2E1B7314582130D02A /* Pods */,
				B12B39B6FC3BFB3715B53B6B /* Frameworks */,
			);
			sourceTree = "<group>";
		};
		8492A3522238E8B600F0FB35 /* Products */ = {
			isa = PBXGroup;
			children = (
				8492A3512238E8B600F0FB35 /* AlertSimple.app */,
				8492A3652238E8B800F0FB35 /* AlertSimpleTests.xctest */,
				8492A3702238E8B800F0FB35 /* AlertSimpleUITests.xctest */,
			);
			name = Products;
			sourceTree = "<group>";
		};
		8492A3532238E8B600F0FB35 /* AlertSimple */ = {
			isa = PBXGroup;
			children = (
				8492A3542238E8B600F0FB35 /* AppDelegate.swift */,
				8492A3562238E8B600F0FB35 /* ViewController.swift */,
				8492A3582238E8B600F0FB35 /* Main.storyboard */,
				8492A35B2238E8B800F0FB35 /* Assets.xcassets */,
				8492A35D2238E8B800F0FB35 /* LaunchScreen.storyboard */,
				8492A3602238E8B800F0FB35 /* Info.plist */,
			);
			path = AlertSimple;
			sourceTree = "<group>";
		};
		8492A3682238E8B800F0FB35 /* AlertSimpleTests */ = {
			isa = PBXGroup;
			children = (
				8492A3692238E8B800F0FB35 /* AlertSimpleTests.swift */,
				8492A36B2238E8B800F0FB35 /* Info.plist */,
			);
			path = AlertSimpleTests;
			sourceTree = "<group>";
		};
		8492A3732238E8B800F0FB35 /* AlertSimpleUITests */ = {
			isa = PBXGroup;
			children = (
				8492A3742238E8B800F0FB35 /* AlertSimpleUITests.swift */,
				8492A3762238E8B800F0FB35 /* Info.plist */,
			);
			path = AlertSimpleUITests;
			sourceTree = "<group>";
		};
		99BC5E2E1B7314582130D02A /* Pods */ = {
			isa = PBXGroup;
			children = (
				16FAEB0DBA8806B8DFC0EFDC /* Pods-AlertSimple.debug.xcconfig */,
				8CD484348086A3FF54E83D71 /* Pods-AlertSimple.release.xcconfig */,
				F868ABACEDDA0C6E068584C9 /* Pods-AlertSimpleTests.debug.xcconfig */,
				2BE21C4EF762B63358A14887 /* Pods-AlertSimpleTests.release.xcconfig */,
				990F90E853447F0431D40F9E /* Pods-AlertSimpleUITests.debug.xcconfig */,
				9C735BD357E92B1D87BD8BD7 /* Pods-AlertSimpleUITests.release.xcconfig */,
			);
			name = Pods;
			path = Pods;
			sourceTree = "<group>";
		};
		B12B39B6FC3BFB3715B53B6B /* Frameworks */ = {
			isa = PBXGroup;
			children = (
				DC416FD84E62123504714B96 /* Pods_AlertSimple.framework */,
				D561406D6C5F6BA40CB8C96A /* Pods_AlertSimpleTests.framework */,
				61C97030FCD99EC866DEC43A /* Pods_AlertSimpleUITests.framework */,
			);
			name = Frameworks;
			sourceTree = "<group>";
		};
/* End PBXGroup section */

/* Begin PBXNativeTarget section */
		8492A3502238E8B600F0FB35 /* AlertSimple */ = {
			isa = PBXNativeTarget;
			buildConfigurationList = 8492A3792238E8B800F0FB35 /* Build configuration list for PBXNativeTarget "AlertSimple" */;
			buildPhases = (
				60076A884ADB4406A4778ABB /* [CP] Check Pods Manifest.lock */,
				8492A34D2238E8B600F0FB35 /* Sources */,
				8492A34E2238E8B600F0FB35 /* Frameworks */,
				8492A34F2238E8B600F0FB35 /* Resources */,
				432187A22E037CD35A132310 /* [CP] Embed Pods Frameworks */,
			);
			buildRules = (
			);
			dependencies = (
			);
			name = AlertSimple;
			productName = AlertSimple;
			productReference = 8492A3512238E8B600F0FB35 /* AlertSimple.app */;
			productType = "com.apple.product-type.application";
		};
		8492A3642238E8B800F0FB35 /* AlertSimpleTests */ = {
			isa = PBXNativeTarget;
			buildConfigurationList = 8492A37C2238E8B800F0FB35 /* Build configuration list for PBXNativeTarget "AlertSimpleTests" */;
			buildPhases = (
				E7C51B31AE0136514A1A01FD /* [CP] Check Pods Manifest.lock */,
				8492A3612238E8B800F0FB35 /* Sources */,
				8492A3622238E8B800F0FB35 /* Frameworks */,
				8492A3632238E8B800F0FB35 /* Resources */,
			);
			buildRules = (
			);
			dependencies = (
				8492A3672238E8B800F0FB35 /* PBXTargetDependency */,
			);
			name = AlertSimpleTests;
			productName = AlertSimpleTests;
			productReference = 8492A3652238E8B800F0FB35 /* AlertSimpleTests.xctest */;
			productType = "com.apple.product-type.bundle.unit-test";
		};
		8492A36F2238E8B800F0FB35 /* AlertSimpleUITests */ = {
			isa = PBXNativeTarget;
			buildConfigurationList = 8492A37F2238E8B800F0FB35 /* Build configuration list for PBXNativeTarget "AlertSimpleUITests" */;
			buildPhases = (
				1606B74C4F22A8CE8EACD76F /* [CP] Check Pods Manifest.lock */,
				8492A36C2238E8B800F0FB35 /* Sources */,
				8492A36D2238E8B800F0FB35 /* Frameworks */,
				8492A36E2238E8B800F0FB35 /* Resources */,
			);
			buildRules = (
			);
			dependencies = (
				8492A3722238E8B800F0FB35 /* PBXTargetDependency */,
			);
			name = AlertSimpleUITests;
			productName = AlertSimpleUITests;
			productReference = 8492A3702238E8B800F0FB35 /* AlertSimpleUITests.xctest */;
			productType = "com.apple.product-type.bundle.ui-testing";
		};
/* End PBXNativeTarget section */

/* Begin PBXProject section */
		8492A3492238E8B600F0FB35 /* Project object */ = {
			isa = PBXProject;
			attributes = {
				LastSwiftUpdateCheck = 1010;
				LastUpgradeCheck = 1010;
				ORGANIZATIONNAME = Admin;
				TargetAttributes = {
					8492A3502238E8B600F0FB35 = {
						CreatedOnToolsVersion = 10.1;
					};
					8492A3642238E8B800F0FB35 = {
						CreatedOnToolsVersion = 10.1;
						TestTargetID = 8492A3502238E8B600F0FB35;
					};
					8492A36F2238E8B800F0FB35 = {
						CreatedOnToolsVersion = 10.1;
						TestTargetID = 8492A3502238E8B600F0FB35;
					};
				};
			};
			buildConfigurationList = 8492A34C2238E8B600F0FB35 /* Build configuration list for PBXProject "AlertSimple" */;
			compatibilityVersion = "Xcode 9.3";
			developmentRegion = en;
			hasScannedForEncodings = 0;
			knownRegions = (
				en,
				Base,
			);
			mainGroup = 8492A3482238E8B600F0FB35;
			productRefGroup = 8492A3522238E8B600F0FB35 /* Products */;
			projectDirPath = "";
			projectRoot = "";
			targets = (
				8492A3502238E8B600F0FB35 /* AlertSimple */,
				8492A3642238E8B800F0FB35 /* AlertSimpleTests */,
				8492A36F2238E8B800F0FB35 /* AlertSimpleUITests */,
			);
		};
/* End PBXProject section */

/* Begin PBXResourcesBuildPhase section */
		8492A34F2238E8B600F0FB35 /* Resources */ = {
			isa = PBXResourcesBuildPhase;
			buildActionMask = 2147483647;
			files = (
				8492A35F2238E8B800F0FB35 /* LaunchScreen.storyboard in Resources */,
				8492A35C2238E8B800F0FB35 /* Assets.xcassets in Resources */,
				8492A35A2238E8B600F0FB35 /* Main.storyboard in Resources */,
			);
			runOnlyForDeploymentPostprocessing = 0;
		};
		8492A3632238E8B800F0FB35 /* Resources */ = {
			isa = PBXResourcesBuildPhase;
			buildActionMask = 2147483647;
			files = (
			);
			runOnlyForDeploymentPostprocessing = 0;
		};
		8492A36E2238E8B800F0FB35 /* Resources */ = {
			isa = PBXResourcesBuildPhase;
			buildActionMask = 2147483647;
			files = (
			);
			runOnlyForDeploymentPostprocessing = 0;
		};
/* End PBXResourcesBuildPhase section */

/* Begin PBXShellScriptBuildPhase section */
		1606B74C4F22A8CE8EACD76F /* [CP] Check Pods Manifest.lock */ = {
			isa = PBXShellScriptBuildPhase;
			buildActionMask = 2147483647;
			files = (
			);
			inputFileListPaths = (
			);
			inputPaths = (
				"${PODS_PODFILE_DIR_PATH}/Podfile.lock",
				"${PODS_ROOT}/Manifest.lock",
			);
			name = "[CP] Check Pods Manifest.lock";
			outputFileListPaths = (
			);
			outputPaths = (
				"$(DERIVED_FILE_DIR)/Pods-AlertSimpleUITests-checkManifestLockResult.txt",
			);
			runOnlyForDeploymentPostprocessing = 0;
			shellPath = /bin/sh;
			shellScript = "diff \"${PODS_PODFILE_DIR_PATH}/Podfile.lock\" \"${PODS_ROOT}/Manifest.lock\" > /dev/null\nif [ $? != 0 ] ; then\n    # print error to STDERR\n    echo \"error: The sandbox is not in sync with the Podfile.lock. Run 'pod install' or update your CocoaPods installation.\" >&2\n    exit 1\nfi\n# This output is used by Xcode 'outputs' to avoid re-running this script phase.\necho \"SUCCESS\" > \"${SCRIPT_OUTPUT_FILE_0}\"\n";
			showEnvVarsInLog = 0;
		};
		432187A22E037CD35A132310 /* [CP] Embed Pods Frameworks */ = {
			isa = PBXShellScriptBuildPhase;
			buildActionMask = 2147483647;
			files = (
			);
			inputFileListPaths = (
			);
			inputPaths = (
				"${PODS_ROOT}/Target Support Files/Pods-AlertSimple/Pods-AlertSimple-frameworks.sh",
				"${BUILT_PRODUCTS_DIR}/SimpleAlert/SimpleAlert.framework",
			);
			name = "[CP] Embed Pods Frameworks";
			outputFileListPaths = (
			);
			outputPaths = (
				"${TARGET_BUILD_DIR}/${FRAMEWORKS_FOLDER_PATH}/SimpleAlert.framework",
			);
			runOnlyForDeploymentPostprocessing = 0;
			shellPath = /bin/sh;
			shellScript = "\"${PODS_ROOT}/Target Support Files/Pods-AlertSimple/Pods-AlertSimple-frameworks.sh\"\n";
			showEnvVarsInLog = 0;
		};
		60076A884ADB4406A4778ABB /* [CP] Check Pods Manifest.lock */ = {
			isa = PBXShellScriptBuildPhase;
			buildActionMask = 2147483647;
			files = (
			);
			inputFileListPaths = (
			);
			inputPaths = (
				"${PODS_PODFILE_DIR_PATH}/Podfile.lock",
				"${PODS_ROOT}/Manifest.lock",
			);
			name = "[CP] Check Pods Manifest.lock";
			outputFileListPaths = (
			);
			outputPaths = (
				"$(DERIVED_FILE_DIR)/Pods-AlertSimple-checkManifestLockResult.txt",
			);
			runOnlyForDeploymentPostprocessing = 0;
			shellPath = /bin/sh;
			shellScript = "diff \"${PODS_PODFILE_DIR_PATH}/Podfile.lock\" \"${PODS_ROOT}/Manifest.lock\" > /dev/null\nif [ $? != 0 ] ; then\n    # print error to STDERR\n    echo \"error: The sandbox is not in sync with the Podfile.lock. Run 'pod install' or update your CocoaPods installation.\" >&2\n    exit 1\nfi\n# This output is used by Xcode 'outputs' to avoid re-running this script phase.\necho \"SUCCESS\" > \"${SCRIPT_OUTPUT_FILE_0}\"\n";
			showEnvVarsInLog = 0;
		};
		E7C51B31AE0136514A1A01FD /* [CP] Check Pods Manifest.lock */ = {
			isa = PBXShellScriptBuildPhase;
			buildActionMask = 2147483647;
			files = (
			);
			inputFileListPaths = (
			);
			inputPaths = (
				"${PODS_PODFILE_DIR_PATH}/Podfile.lock",
				"${PODS_ROOT}/Manifest.lock",
			);
			name = "[CP] Check Pods Manifest.lock";
			outputFileListPaths = (
			);
			outputPaths = (
				"$(DERIVED_FILE_DIR)/Pods-AlertSimpleTests-checkManifestLockResult.txt",
			);
			runOnlyForDeploymentPostprocessing = 0;
			shellPath = /bin/sh;
			shellScript = "diff \"${PODS_PODFILE_DIR_PATH}/Podfile.lock\" \"${PODS_ROOT}/Manifest.lock\" > /dev/null\nif [ $? != 0 ] ; then\n    # print error to STDERR\n    echo \"error: The sandbox is not in sync with the Podfile.lock. Run 'pod install' or update your CocoaPods installation.\" >&2\n    exit 1\nfi\n# This output is used by Xcode 'outputs' to avoid re-running this script phase.\necho \"SUCCESS\" > \"${SCRIPT_OUTPUT_FILE_0}\"\n";
			showEnvVarsInLog = 0;
		};
/* End PBXShellScriptBuildPhase section */

/* Begin PBXSourcesBuildPhase section */
		8492A34D2238E8B600F0FB35 /* Sources */ = {
			isa = PBXSourcesBuildPhase;
			buildActionMask = 2147483647;
			files = (
				8492A3572238E8B600F0FB35 /* ViewController.swift in Sources */,
				8492A3552238E8B600F0FB35 /* AppDelegate.swift in Sources */,
			);
			runOnlyForDeploymentPostprocessing = 0;
		};
		8492A3612238E8B800F0FB35 /* Sources */ = {
			isa = PBXSourcesBuildPhase;
			buildActionMask = 2147483647;
			files = (
				8492A36A2238E8B800F0FB35 /* AlertSimpleTests.swift in Sources */,
			);
			runOnlyForDeploymentPostprocessing = 0;
		};
		8492A36C2238E8B800F0FB35 /* Sources */ = {
			isa = PBXSourcesBuildPhase;
			buildActionMask = 2147483647;
			files = (
				8492A3752238E8B800F0FB35 /* AlertSimpleUITests.swift in Sources */,
			);
			runOnlyForDeploymentPostprocessing = 0;
		};
/* End PBXSourcesBuildPhase section */

/* Begin PBXTargetDependency section */
		8492A3672238E8B800F0FB35 /* PBXTargetDependency */ = {
			isa = PBXTargetDependency;
			target = 8492A3502238E8B600F0FB35 /* AlertSimple */;
			targetProxy = 8492A3662238E8B800F0FB35 /* PBXContainerItemProxy */;
		};
		8492A3722238E8B800F0FB35 /* PBXTargetDependency */ = {
			isa = PBXTargetDependency;
			target = 8492A3502238E8B600F0FB35 /* AlertSimple */;
			targetProxy = 8492A3712238E8B800F0FB35 /* PBXContainerItemProxy */;
		};
/* End PBXTargetDependency section */

/* Begin PBXVariantGroup section */
		8492A3582238E8B600F0FB35 /* Main.storyboard */ = {
			isa = PBXVariantGroup;
			children = (
				8492A3592238E8B600F0FB35 /* Base */,
			);
			name = Main.storyboard;
			sourceTree = "<group>";
		};
		8492A35D2238E8B800F0FB35 /* LaunchScreen.storyboard */ = {
			isa = PBXVariantGroup;
			children = (
				8492A35E2238E8B800F0FB35 /* Base */,
			);
			name = LaunchScreen.storyboard;
			sourceTree = "<group>";
		};
/* End PBXVariantGroup section */

/* Begin XCBuildConfiguration section */
		8492A3772238E8B800F0FB35 /* Debug */ = {
			isa = XCBuildConfiguration;
			buildSettings = {
				ALWAYS_SEARCH_USER_PATHS = NO;
				CLANG_ANALYZER_NONNULL = YES;
				CLANG_ANALYZER_NUMBER_OBJECT_CONVERSION = YES_AGGRESSIVE;
				CLANG_CXX_LANGUAGE_STANDARD = "gnu++14";
				CLANG_CXX_LIBRARY = "libc++";
				CLANG_ENABLE_MODULES = YES;
				CLANG_ENABLE_OBJC_ARC = YES;
				CLANG_ENABLE_OBJC_WEAK = YES;
				CLANG_WARN_BLOCK_CAPTURE_AUTORELEASING = YES;
				CLANG_WARN_BOOL_CONVERSION = YES;
				CLANG_WARN_COMMA = YES;
				CLANG_WARN_CONSTANT_CONVERSION = YES;
				CLANG_WARN_DEPRECATED_OBJC_IMPLEMENTATIONS = YES;
				CLANG_WARN_DIRECT_OBJC_ISA_USAGE = YES_ERROR;
				CLANG_WARN_DOCUMENTATION_COMMENTS = YES;
				CLANG_WARN_EMPTY_BODY = YES;
				CLANG_WARN_ENUM_CONVERSION = YES;
				CLANG_WARN_INFINITE_RECURSION = YES;
				CLANG_WARN_INT_CONVERSION = YES;
				CLANG_WARN_NON_LITERAL_NULL_CONVERSION = YES;
				CLANG_WARN_OBJC_IMPLICIT_RETAIN_SELF = YES;
				CLANG_WARN_OBJC_LITERAL_CONVERSION = YES;
				CLANG_WARN_OBJC_ROOT_CLASS = YES_ERROR;
				CLANG_WARN_RANGE_LOOP_ANALYSIS = YES;
				CLANG_WARN_STRICT_PROTOTYPES = YES;
				CLANG_WARN_SUSPICIOUS_MOVE = YES;
				CLANG_WARN_UNGUARDED_AVAILABILITY = YES_AGGRESSIVE;
				CLANG_WARN_UNREACHABLE_CODE = YES;
				CLANG_WARN__DUPLICATE_METHOD_MATCH = YES;
				CODE_SIGN_IDENTITY = "iPhone Developer";
				COPY_PHASE_STRIP = NO;
				DEBUG_INFORMATION_FORMAT = dwarf;
				ENABLE_STRICT_OBJC_MSGSEND = YES;
				ENABLE_TESTABILITY = YES;
				GCC_C_LANGUAGE_STANDARD = gnu11;
				GCC_DYNAMIC_NO_PIC = NO;
				GCC_NO_COMMON_BLOCKS = YES;
				GCC_OPTIMIZATION_LEVEL = 0;
				GCC_PREPROCESSOR_DEFINITIONS = (
					"DEBUG=1",
					"$(inherited)",
				);
				GCC_WARN_64_TO_32_BIT_CONVERSION = YES;
				GCC_WARN_ABOUT_RETURN_TYPE = YES_ERROR;
				GCC_WARN_UNDECLARED_SELECTOR = YES;
				GCC_WARN_UNINITIALIZED_AUTOS = YES_AGGRESSIVE;
				GCC_WARN_UNUSED_FUNCTION = YES;
				GCC_WARN_UNUSED_VARIABLE = YES;
				IPHONEOS_DEPLOYMENT_TARGET = 12.1;
				MTL_ENABLE_DEBUG_INFO = INCLUDE_SOURCE;
				MTL_FAST_MATH = YES;
				ONLY_ACTIVE_ARCH = YES;
				SDKROOT = iphoneos;
				SWIFT_ACTIVE_COMPILATION_CONDITIONS = DEBUG;
				SWIFT_OPTIMIZATION_LEVEL = "-Onone";
			};
			name = Debug;
		};
		8492A3782238E8B800F0FB35 /* Release */ = {
			isa = XCBuildConfiguration;
			buildSettings = {
				ALWAYS_SEARCH_USER_PATHS = NO;
				CLANG_ANALYZER_NONNULL = YES;
				CLANG_ANALYZER_NUMBER_OBJECT_CONVERSION = YES_AGGRESSIVE;
				CLANG_CXX_LANGUAGE_STANDARD = "gnu++14";
				CLANG_CXX_LIBRARY = "libc++";
				CLANG_ENABLE_MODULES = YES;
				CLANG_ENABLE_OBJC_ARC = YES;
				CLANG_ENABLE_OBJC_WEAK = YES;
				CLANG_WARN_BLOCK_CAPTURE_AUTORELEASING = YES;
				CLANG_WARN_BOOL_CONVERSION = YES;
				CLANG_WARN_COMMA = YES;
				CLANG_WARN_CONSTANT_CONVERSION = YES;
				CLANG_WARN_DEPRECATED_OBJC_IMPLEMENTATIONS = YES;
				CLANG_WARN_DIRECT_OBJC_ISA_USAGE = YES_ERROR;
				CLANG_WARN_DOCUMENTATION_COMMENTS = YES;
				CLANG_WARN_EMPTY_BODY = YES;
				CLANG_WARN_ENUM_CONVERSION = YES;
				CLANG_WARN_INFINITE_RECURSION = YES;
				CLANG_WARN_INT_CONVERSION = YES;
				CLANG_WARN_NON_LITERAL_NULL_CONVERSION = YES;
				CLANG_WARN_OBJC_IMPLICIT_RETAIN_SELF = YES;
				CLANG_WARN_OBJC_LITERAL_CONVERSION = YES;
				CLANG_WARN_OBJC_ROOT_CLASS = YES_ERROR;
				CLANG_WARN_RANGE_LOOP_ANALYSIS = YES;
				CLANG_WARN_STRICT_PROTOTYPES = YES;
				CLANG_WARN_SUSPICIOUS_MOVE = YES;
				CLANG_WARN_UNGUARDED_AVAILABILITY = YES_AGGRESSIVE;
				CLANG_WARN_UNREACHABLE_CODE = YES;
				CLANG_WARN__DUPLICATE_METHOD_MATCH = YES;
				CODE_SIGN_IDENTITY = "iPhone Developer";
				COPY_PHASE_STRIP = NO;
				DEBUG_INFORMATION_FORMAT = "dwarf-with-dsym";
				ENABLE_NS_ASSERTIONS = NO;
				ENABLE_STRICT_OBJC_MSGSEND = YES;
				GCC_C_LANGUAGE_STANDARD = gnu11;
				GCC_NO_COMMON_BLOCKS = YES;
				GCC_WARN_64_TO_32_BIT_CONVERSION = YES;
				GCC_WARN_ABOUT_RETURN_TYPE = YES_ERROR;
				GCC_WARN_UNDECLARED_SELECTOR = YES;
				GCC_WARN_UNINITIALIZED_AUTOS = YES_AGGRESSIVE;
				GCC_WARN_UNUSED_FUNCTION = YES;
				GCC_WARN_UNUSED_VARIABLE = YES;
				IPHONEOS_DEPLOYMENT_TARGET = 12.1;
				MTL_ENABLE_DEBUG_INFO = NO;
				MTL_FAST_MATH = YES;
				SDKROOT = iphoneos;
				SWIFT_COMPILATION_MODE = wholemodule;
				SWIFT_OPTIMIZATION_LEVEL = "-O";
				VALIDATE_PRODUCT = YES;
			};
			name = Release;
		};
		8492A37A2238E8B800F0FB35 /* Debug */ = {
			isa = XCBuildConfiguration;
			baseConfigurationReference = 16FAEB0DBA8806B8DFC0EFDC /* Pods-AlertSimple.debug.xcconfig */;
			buildSettings = {
				ASSETCATALOG_COMPILER_APPICON_NAME = AppIcon;
				CODE_SIGN_STYLE = Automatic;
				INFOPLIST_FILE = AlertSimple/Info.plist;
				LD_RUNPATH_SEARCH_PATHS = (
					"$(inherited)",
					"@executable_path/Frameworks",
				);
				PRODUCT_BUNDLE_IDENTIFIER = com.codewithchris.AlertSimple;
				PRODUCT_NAME = "$(TARGET_NAME)";
				SWIFT_VERSION = 4.2;
				TARGETED_DEVICE_FAMILY = "1,2";
			};
			name = Debug;
		};
		8492A37B2238E8B800F0FB35 /* Release */ = {
			isa = XCBuildConfiguration;
			baseConfigurationReference = 8CD484348086A3FF54E83D71 /* Pods-AlertSimple.release.xcconfig */;
			buildSettings = {
				ASSETCATALOG_COMPILER_APPICON_NAME = AppIcon;
				CODE_SIGN_STYLE = Automatic;
				INFOPLIST_FILE = AlertSimple/Info.plist;
				LD_RUNPATH_SEARCH_PATHS = (
					"$(inherited)",
					"@executable_path/Frameworks",
				);
				PRODUCT_BUNDLE_IDENTIFIER = com.codewithchris.AlertSimple;
				PRODUCT_NAME = "$(TARGET_NAME)";
				SWIFT_VERSION = 4.2;
				TARGETED_DEVICE_FAMILY = "1,2";
			};
			name = Release;
		};
		8492A37D2238E8B800F0FB35 /* Debug */ = {
			isa = XCBuildConfiguration;
			baseConfigurationReference = F868ABACEDDA0C6E068584C9 /* Pods-AlertSimpleTests.debug.xcconfig */;
			buildSettings = {
				ALWAYS_EMBED_SWIFT_STANDARD_LIBRARIES = YES;
				BUNDLE_LOADER = "$(TEST_HOST)";
				CODE_SIGN_STYLE = Automatic;
				INFOPLIST_FILE = AlertSimpleTests/Info.plist;
				LD_RUNPATH_SEARCH_PATHS = (
					"$(inherited)",
					"@executable_path/Frameworks",
					"@loader_path/Frameworks",
				);
				PRODUCT_BUNDLE_IDENTIFIER = com.codewithchris.AlertSimpleTests;
				PRODUCT_NAME = "$(TARGET_NAME)";
				SWIFT_VERSION = 4.2;
				TARGETED_DEVICE_FAMILY = "1,2";
				TEST_HOST = "$(BUILT_PRODUCTS_DIR)/AlertSimple.app/AlertSimple";
			};
			name = Debug;
		};
		8492A37E2238E8B800F0FB35 /* Release */ = {
			isa = XCBuildConfiguration;
			baseConfigurationReference = 2BE21C4EF762B63358A14887 /* Pods-AlertSimpleTests.release.xcconfig */;
			buildSettings = {
				ALWAYS_EMBED_SWIFT_STANDARD_LIBRARIES = YES;
				BUNDLE_LOADER = "$(TEST_HOST)";
				CODE_SIGN_STYLE = Automatic;
				INFOPLIST_FILE = AlertSimpleTests/Info.plist;
				LD_RUNPATH_SEARCH_PATHS = (
					"$(inherited)",
					"@executable_path/Frameworks",
					"@loader_path/Frameworks",
				);
				PRODUCT_BUNDLE_IDENTIFIER = com.codewithchris.AlertSimpleTests;
				PRODUCT_NAME = "$(TARGET_NAME)";
				SWIFT_VERSION = 4.2;
				TARGETED_DEVICE_FAMILY = "1,2";
				TEST_HOST = "$(BUILT_PRODUCTS_DIR)/AlertSimple.app/AlertSimple";
			};
			name = Release;
		};
		8492A3802238E8B800F0FB35 /* Debug */ = {
			isa = XCBuildConfiguration;
			baseConfigurationReference = 990F90E853447F0431D40F9E /* Pods-AlertSimpleUITests.debug.xcconfig */;
			buildSettings = {
				ALWAYS_EMBED_SWIFT_STANDARD_LIBRARIES = YES;
				CODE_SIGN_STYLE = Automatic;
				INFOPLIST_FILE = AlertSimpleUITests/Info.plist;
				LD_RUNPATH_SEARCH_PATHS = (
					"$(inherited)",
					"@executable_path/Frameworks",
					"@loader_path/Frameworks",
				);
				PRODUCT_BUNDLE_IDENTIFIER = com.codewithchris.AlertSimpleUITests;
				PRODUCT_NAME = "$(TARGET_NAME)";
				SWIFT_VERSION = 4.2;
				TARGETED_DEVICE_FAMILY = "1,2";
				TEST_TARGET_NAME = AlertSimple;
			};
			name = Debug;
		};
		8492A3812238E8B800F0FB35 /* Release */ = {
			isa = XCBuildConfiguration;
			baseConfigurationReference = 9C735BD357E92B1D87BD8BD7 /* Pods-AlertSimpleUITests.release.xcconfig */;
			buildSettings = {
				ALWAYS_EMBED_SWIFT_STANDARD_LIBRARIES = YES;
				CODE_SIGN_STYLE = Automatic;
				INFOPLIST_FILE = AlertSimpleUITests/Info.plist;
				LD_RUNPATH_SEARCH_PATHS = (
					"$(inherited)",
					"@executable_path/Frameworks",
					"@loader_path/Frameworks",
				);
				PRODUCT_BUNDLE_IDENTIFIER = com.codewithchris.AlertSimpleUITests;
				PRODUCT_NAME = "$(TARGET_NAME)";
				SWIFT_VERSION = 4.2;
				TARGETED_DEVICE_FAMILY = "1,2";
				TEST_TARGET_NAME = AlertSimple;
			};
			name = Release;
		};
/* End XCBuildConfiguration section */

/* Begin XCConfigurationList section */
		8492A34C2238E8B600F0FB35 /* Build configuration list for PBXProject "AlertSimple" */ = {
			isa = XCConfigurationList;
			buildConfigurations = (
				8492A3772238E8B800F0FB35 /* Debug */,
				8492A3782238E8B800F0FB35 /* Release */,
			);
			defaultConfigurationIsVisible = 0;
			defaultConfigurationName = Release;
		};
		8492A3792238E8B800F0FB35 /* Build configuration list for PBXNativeTarget "AlertSimple" */ = {
			isa = XCConfigurationList;
			buildConfigurations = (
				8492A37A2238E8B800F0FB35 /* Debug */,
				8492A37B2238E8B800F0FB35 /* Release */,
			);
			defaultConfigurationIsVisible = 0;
			defaultConfigurationName = Release;
		};
		8492A37C2238E8B800F0FB35 /* Build configuration list for PBXNativeTarget "AlertSimpleTests" */ = {
			isa = XCConfigurationList;
			buildConfigurations = (
				8492A37D2238E8B800F0FB35 /* Debug */,
				8492A37E2238E8B800F0FB35 /* Release */,
			);
			defaultConfigurationIsVisible = 0;
			defaultConfigurationName = Release;
		};
		8492A37F2238E8B800F0FB35 /* Build configuration list for PBXNativeTarget "AlertSimpleUITests" */ = {
			isa = XCConfigurationList;
			buildConfigurations = (
				8492A3802238E8B800F0FB35 /* Debug */,
				8492A3812238E8B800F0FB35 /* Release */,
			);
			defaultConfigurationIsVisible = 0;
			defaultConfigurationName = Release;
		};
/* End XCConfigurationList section */
	};
	rootObject = 8492A3492238E8B600F0FB35 /* Project object */;
}
